
Microsoft Visual Studio Solution File, Format Version 12.00
# Visual Studio 15
VisualStudioVersion = 15.0.26228.4
MinimumVisualStudioVersion = 10.0.40219.1
Project("{FAE04EC0-301F-11D3-BF4B-00C04F79EFBC}") = "TizenSpeedTest", "TizenSpeedTest\TizenSpeedTest\TizenSpeedTest.csproj", "{F072BDD7-4EC3-4B57-8B6D-DEC9BF65937F}"
EndProject
Project("{FAE04EC0-301F-11D3-BF4B-00C04F79EFBC}") = "TizenSpeedTest.TizenMobile", "TizenSpeedTest\TizenSpeedTest.TizenMobile\TizenSpeedTest.TizenMobile.csproj", "{F04F2876-40C2-4EAC-B158-355640215F84}"
EndProject
Global
	GlobalSection(SolutionConfigurationPlatforms) = preSolution
		Debug|Any CPU = Debug|Any CPU
		Release|Any CPU = Release|Any CPU
	EndGlobalSection
	GlobalSection(ProjectConfigurationPlatforms) = postSolution
		{F072BDD7-4EC3-4B57-8B6D-DEC9BF65937F}.Debug|Any CPU.ActiveCfg = Debug|Any CPU
		{F072BDD7-4EC3-4B57-8B6D-DEC9BF65937F}.Debug|Any CPU.Build.0 = Debug|Any CPU
		{F072BDD7-4EC3-4B57-8B6D-DEC9BF65937F}.Release|Any CPU.ActiveCfg = Release|Any CPU
		{F072BDD7-4EC3-4B57-8B6D-DEC9BF65937F}.Release|Any CPU.Build.0 = Release|Any CPU
		{F04F2876-40C2-4EAC-B158-355640215F84}.Debug|Any CPU.ActiveCfg = Debug|Any CPU
		{F04F2876-40C2-4EAC-B158-355640215F84}.Debug|Any CPU.Build.0 = Debug|Any CPU
		{F04F2876-40C2-4EAC-B158-355640215F84}.Release|Any CPU.ActiveCfg = Release|Any CPU
		{F04F2876-40C2-4EAC-B158-355640215F84}.Release|Any CPU.Build.0 = Release|Any CPU
	EndGlobalSection
	GlobalSection(SolutionProperties) = preSolution
		HideSolutionNode = FALSE
	EndGlobalSection
EndGlobal
