
Microsoft Visual Studio Solution File, Format Version 12.00
# Visual Studio 15
VisualStudioVersion = 15.0.26228.4
MinimumVisualStudioVersion = 10.0.40219.1
Project("{FAE04EC0-301F-11D3-BF4B-00C04F79EFBC}") = "TizenSpeedTest", "TizenSpeedTest\TizenSpeedTest\TizenSpeedTest.csproj", "{F072BDD7-4EC3-4B57-8B6D-DEC9BF65937F}"
EndProject
Project("{FAE04EC0-301F-11D3-BF4B-00C04F79EFBC}") = "TizenSpeedTest.TizenMobile", "TizenSpeedTest\TizenSpeedTest.TizenMobile\TizenSpeedTest.TizenMobile.csproj", "{F04F2876-40C2-4EAC-B158-355640215F84}"
EndProject
Project("{FAE04EC0-301F-11D3-BF4B-00C04F79EFBC}") = "SpeedTestUW", "SpeedTestUW\SpeedTestUW.csproj", "{3AF28046-1D20-4854-8109-FE86010BECAF}"
EndProject
Global
	GlobalSection(SolutionConfigurationPlatforms) = preSolution
		Debug|Any CPU = Debug|Any CPU
		Debug|ARM = Debug|ARM
		Debug|x64 = Debug|x64
		Debug|x86 = Debug|x86
		Release|Any CPU = Release|Any CPU
		Release|ARM = Release|ARM
		Release|x64 = Release|x64
		Release|x86 = Release|x86
	EndGlobalSection
	GlobalSection(ProjectConfigurationPlatforms) = postSolution
		{F072BDD7-4EC3-4B57-8B6D-DEC9BF65937F}.Debug|Any CPU.ActiveCfg = Debug|Any CPU
		{F072BDD7-4EC3-4B57-8B6D-DEC9BF65937F}.Debug|Any CPU.Build.0 = Debug|Any CPU
		{F072BDD7-4EC3-4B57-8B6D-DEC9BF65937F}.Debug|Any CPU.Deploy.0 = Debug|Any CPU
		{F072BDD7-4EC3-4B57-8B6D-DEC9BF65937F}.Debug|ARM.ActiveCfg = Debug|Any CPU
		{F072BDD7-4EC3-4B57-8B6D-DEC9BF65937F}.Debug|ARM.Build.0 = Debug|Any CPU
		{F072BDD7-4EC3-4B57-8B6D-DEC9BF65937F}.Debug|x64.ActiveCfg = Debug|Any CPU
		{F072BDD7-4EC3-4B57-8B6D-DEC9BF65937F}.Debug|x64.Build.0 = Debug|Any CPU
		{F072BDD7-4EC3-4B57-8B6D-DEC9BF65937F}.Debug|x86.ActiveCfg = Debug|Any CPU
		{F072BDD7-4EC3-4B57-8B6D-DEC9BF65937F}.Debug|x86.Build.0 = Debug|Any CPU
		{F072BDD7-4EC3-4B57-8B6D-DEC9BF65937F}.Release|Any CPU.ActiveCfg = Release|Any CPU
		{F072BDD7-4EC3-4B57-8B6D-DEC9BF65937F}.Release|Any CPU.Build.0 = Release|Any CPU
		{F072BDD7-4EC3-4B57-8B6D-DEC9BF65937F}.Release|ARM.ActiveCfg = Release|Any CPU
		{F072BDD7-4EC3-4B57-8B6D-DEC9BF65937F}.Release|ARM.Build.0 = Release|Any CPU
		{F072BDD7-4EC3-4B57-8B6D-DEC9BF65937F}.Release|x64.ActiveCfg = Release|Any CPU
		{F072BDD7-4EC3-4B57-8B6D-DEC9BF65937F}.Release|x64.Build.0 = Release|Any CPU
		{F072BDD7-4EC3-4B57-8B6D-DEC9BF65937F}.Release|x86.ActiveCfg = Release|Any CPU
		{F072BDD7-4EC3-4B57-8B6D-DEC9BF65937F}.Release|x86.Build.0 = Release|Any CPU
		{F04F2876-40C2-4EAC-B158-355640215F84}.Debug|Any CPU.ActiveCfg = Debug|Any CPU
		{F04F2876-40C2-4EAC-B158-355640215F84}.Debug|Any CPU.Build.0 = Debug|Any CPU
		{F04F2876-40C2-4EAC-B158-355640215F84}.Debug|Any CPU.Deploy.0 = Debug|Any CPU
		{F04F2876-40C2-4EAC-B158-355640215F84}.Debug|ARM.ActiveCfg = Debug|Any CPU
		{F04F2876-40C2-4EAC-B158-355640215F84}.Debug|ARM.Build.0 = Debug|Any CPU
		{F04F2876-40C2-4EAC-B158-355640215F84}.Debug|x64.ActiveCfg = Debug|Any CPU
		{F04F2876-40C2-4EAC-B158-355640215F84}.Debug|x64.Build.0 = Debug|Any CPU
		{F04F2876-40C2-4EAC-B158-355640215F84}.Debug|x86.ActiveCfg = Debug|Any CPU
		{F04F2876-40C2-4EAC-B158-355640215F84}.Debug|x86.Build.0 = Debug|Any CPU
		{F04F2876-40C2-4EAC-B158-355640215F84}.Release|Any CPU.ActiveCfg = Release|Any CPU
		{F04F2876-40C2-4EAC-B158-355640215F84}.Release|Any CPU.Build.0 = Release|Any CPU
		{F04F2876-40C2-4EAC-B158-355640215F84}.Release|ARM.ActiveCfg = Release|Any CPU
		{F04F2876-40C2-4EAC-B158-355640215F84}.Release|ARM.Build.0 = Release|Any CPU
		{F04F2876-40C2-4EAC-B158-355640215F84}.Release|x64.ActiveCfg = Release|Any CPU
		{F04F2876-40C2-4EAC-B158-355640215F84}.Release|x64.Build.0 = Release|Any CPU
		{F04F2876-40C2-4EAC-B158-355640215F84}.Release|x86.ActiveCfg = Release|Any CPU
		{F04F2876-40C2-4EAC-B158-355640215F84}.Release|x86.Build.0 = Release|Any CPU
		{3AF28046-1D20-4854-8109-FE86010BECAF}.Debug|Any CPU.ActiveCfg = Debug|x86
		{3AF28046-1D20-4854-8109-FE86010BECAF}.Debug|Any CPU.Build.0 = Debug|x86
		{3AF28046-1D20-4854-8109-FE86010BECAF}.Debug|Any CPU.Deploy.0 = Debug|x86
		{3AF28046-1D20-4854-8109-FE86010BECAF}.Debug|ARM.ActiveCfg = Debug|ARM
		{3AF28046-1D20-4854-8109-FE86010BECAF}.Debug|ARM.Build.0 = Debug|ARM
		{3AF28046-1D20-4854-8109-FE86010BECAF}.Debug|ARM.Deploy.0 = Debug|ARM
		{3AF28046-1D20-4854-8109-FE86010BECAF}.Debug|x64.ActiveCfg = Debug|x64
		{3AF28046-1D20-4854-8109-FE86010BECAF}.Debug|x64.Build.0 = Debug|x64
		{3AF28046-1D20-4854-8109-FE86010BECAF}.Debug|x64.Deploy.0 = Debug|x64
		{3AF28046-1D20-4854-8109-FE86010BECAF}.Debug|x86.ActiveCfg = Debug|x86
		{3AF28046-1D20-4854-8109-FE86010BECAF}.Debug|x86.Build.0 = Debug|x86
		{3AF28046-1D20-4854-8109-FE86010BECAF}.Debug|x86.Deploy.0 = Debug|x86
		{3AF28046-1D20-4854-8109-FE86010BECAF}.Release|Any CPU.ActiveCfg = Release|x86
		{3AF28046-1D20-4854-8109-FE86010BECAF}.Release|ARM.ActiveCfg = Release|ARM
		{3AF28046-1D20-4854-8109-FE86010BECAF}.Release|ARM.Build.0 = Release|ARM
		{3AF28046-1D20-4854-8109-FE86010BECAF}.Release|ARM.Deploy.0 = Release|ARM
		{3AF28046-1D20-4854-8109-FE86010BECAF}.Release|x64.ActiveCfg = Release|x64
		{3AF28046-1D20-4854-8109-FE86010BECAF}.Release|x64.Build.0 = Release|x64
		{3AF28046-1D20-4854-8109-FE86010BECAF}.Release|x64.Deploy.0 = Release|x64
		{3AF28046-1D20-4854-8109-FE86010BECAF}.Release|x86.ActiveCfg = Release|x86
		{3AF28046-1D20-4854-8109-FE86010BECAF}.Release|x86.Build.0 = Release|x86
		{3AF28046-1D20-4854-8109-FE86010BECAF}.Release|x86.Deploy.0 = Release|x86
	EndGlobalSection
	GlobalSection(SolutionProperties) = preSolution
		HideSolutionNode = FALSE
	EndGlobalSection
EndGlobal
